
Microsoft Visual Studio Solution File, Format Version 12.00
# Visual Studio Version 18
VisualStudioVersion = 18.6.11819.183 stable
MinimumVisualStudioVersion = 10.0.40219.1
Project("{8BC9CEB8-8B4A-11D0-8D11-00A0C91BC942}") = "lab3toliver", "lab3toliver\lab3toliver.vcxproj", "{52189698-7ADF-493E-A519-3509620DEB62}"
EndProject
Global
	GlobalSection(SolutionConfigurationPlatforms) = preSolution
		Debug|x64 = Debug|x64
		Debug|x86 = Debug|x86
		Release|x64 = Release|x64
		Release|x86 = Release|x86
	EndGlobalSection
	GlobalSection(ProjectConfigurationPlatforms) = postSolution
		{52189698-7ADF-493E-A519-3509620DEB62}.Debug|x64.ActiveCfg = Debug|x64
		{52189698-7ADF-493E-A519-3509620DEB62}.Debug|x64.Build.0 = Debug|x64
		{52189698-7ADF-493E-A519-3509620DEB62}.Debug|x86.ActiveCfg = Debug|Win32
		{52189698-7ADF-493E-A519-3509620DEB62}.Debug|x86.Build.0 = Debug|Win32
		{52189698-7ADF-493E-A519-3509620DEB62}.Release|x64.ActiveCfg = Release|x64
		{52189698-7ADF-493E-A519-3509620DEB62}.Release|x64.Build.0 = Release|x64
		{52189698-7ADF-493E-A519-3509620DEB62}.Release|x86.ActiveCfg = Release|Win32
		{52189698-7ADF-493E-A519-3509620DEB62}.Release|x86.Build.0 = Release|Win32
	EndGlobalSection
	GlobalSection(SolutionProperties) = preSolution
		HideSolutionNode = FALSE
	EndGlobalSection
	GlobalSection(ExtensibilityGlobals) = postSolution
		SolutionGuid = {040C47ED-9A83-4EA2-B4D0-9D6F5D2E2E4C}
	EndGlobalSection
EndGlobal
